
Microsoft Visual Studio Solution File, Format Version 12.00
# Visual Studio 2013
VisualStudioVersion = 12.0.21005.1
MinimumVisualStudioVersion = 10.0.40219.1
Project("{8BC9CEB8-8B4A-11D0-8D11-00A0C91BC942}") = "StarGenSource", "StarGenSource\StarGen.vcxproj", "{A0FFE05C-34B3-4120-A70B-943743CFB060}"
EndProject
Project("{8BC9CEB8-8B4A-11D0-8D11-00A0C91BC942}") = "StarGenLib", "StarGenLib\StarGenLib.vcxproj", "{265F137A-CB07-42AF-B217-CB520EB95328}"
EndProject
Project("{8BC9CEB8-8B4A-11D0-8D11-00A0C91BC942}") = "StarGenDemo", "StarGenDemo\StarGenDemo.vcxproj", "{96E88D50-3546-4866-8E2A-63871C46571A}"
	ProjectSection(ProjectDependencies) = postProject
		{265F137A-CB07-42AF-B217-CB520EB95328} = {265F137A-CB07-42AF-B217-CB520EB95328}
	EndProjectSection
EndProject
Project("{2150E333-8FDC-42A3-9474-1A3956D46DE8}") = "Vendor", "Vendor", "{B9E7E870-64B0-4CCE-82E2-182B48FB78D5}"
EndProject
Project("{8BC9CEB8-8B4A-11D0-8D11-00A0C91BC942}") = "UnitTest++", "UnitTest++\UnitTest++.vcxproj", "{64A4FEFE-0461-4E95-8CC1-91EF5F57DBC6}"
EndProject
Project("{8BC9CEB8-8B4A-11D0-8D11-00A0C91BC942}") = "TestUnitTest++", "UnitTest++\TestUnitTest++.vcxproj", "{9CCC3439-309E-4E85-B3B8-CE704D385D48}"
EndProject
Global
	GlobalSection(SolutionConfigurationPlatforms) = preSolution
		Debug|Win32 = Debug|Win32
		Release|Win32 = Release|Win32
	EndGlobalSection
	GlobalSection(ProjectConfigurationPlatforms) = postSolution
		{A0FFE05C-34B3-4120-A70B-943743CFB060}.Debug|Win32.ActiveCfg = Debug|Win32
		{A0FFE05C-34B3-4120-A70B-943743CFB060}.Debug|Win32.Build.0 = Debug|Win32
		{A0FFE05C-34B3-4120-A70B-943743CFB060}.Release|Win32.ActiveCfg = Release|Win32
		{A0FFE05C-34B3-4120-A70B-943743CFB060}.Release|Win32.Build.0 = Release|Win32
		{265F137A-CB07-42AF-B217-CB520EB95328}.Debug|Win32.ActiveCfg = Debug|Win32
		{265F137A-CB07-42AF-B217-CB520EB95328}.Debug|Win32.Build.0 = Debug|Win32
		{265F137A-CB07-42AF-B217-CB520EB95328}.Release|Win32.ActiveCfg = Release|Win32
		{265F137A-CB07-42AF-B217-CB520EB95328}.Release|Win32.Build.0 = Release|Win32
		{96E88D50-3546-4866-8E2A-63871C46571A}.Debug|Win32.ActiveCfg = Debug|Win32
		{96E88D50-3546-4866-8E2A-63871C46571A}.Debug|Win32.Build.0 = Debug|Win32
		{96E88D50-3546-4866-8E2A-63871C46571A}.Release|Win32.ActiveCfg = Release|Win32
		{96E88D50-3546-4866-8E2A-63871C46571A}.Release|Win32.Build.0 = Release|Win32
		{64A4FEFE-0461-4E95-8CC1-91EF5F57DBC6}.Debug|Win32.ActiveCfg = Debug|Win32
		{64A4FEFE-0461-4E95-8CC1-91EF5F57DBC6}.Debug|Win32.Build.0 = Debug|Win32
		{64A4FEFE-0461-4E95-8CC1-91EF5F57DBC6}.Release|Win32.ActiveCfg = Release|Win32
		{64A4FEFE-0461-4E95-8CC1-91EF5F57DBC6}.Release|Win32.Build.0 = Release|Win32
		{9CCC3439-309E-4E85-B3B8-CE704D385D48}.Debug|Win32.ActiveCfg = Debug|Win32
		{9CCC3439-309E-4E85-B3B8-CE704D385D48}.Debug|Win32.Build.0 = Debug|Win32
		{9CCC3439-309E-4E85-B3B8-CE704D385D48}.Release|Win32.ActiveCfg = Release|Win32
		{9CCC3439-309E-4E85-B3B8-CE704D385D48}.Release|Win32.Build.0 = Release|Win32
	EndGlobalSection
	GlobalSection(SolutionProperties) = preSolution
		HideSolutionNode = FALSE
	EndGlobalSection
	GlobalSection(NestedProjects) = preSolution
		{64A4FEFE-0461-4E95-8CC1-91EF5F57DBC6} = {B9E7E870-64B0-4CCE-82E2-182B48FB78D5}
		{9CCC3439-309E-4E85-B3B8-CE704D385D48} = {B9E7E870-64B0-4CCE-82E2-182B48FB78D5}
	EndGlobalSection
EndGlobal
